
Microsoft Visual Studio Solution File, Format Version 12.00
# Visual Studio 14
VisualStudioVersion = 14.0.25420.1
MinimumVisualStudioVersion = 10.0.40219.1
Project("{FAE04EC0-301F-11D3-BF4B-00C04F79EFBC}") = "Solucion_Habitacional.Presentacion", "Solucion_Habitacional\Solucion_Habitacional.Presentacion.csproj", "{923EF6CB-6FA7-4FE2-9304-982C6E715779}"
EndProject
Project("{FAE04EC0-301F-11D3-BF4B-00C04F79EFBC}") = "Solucion_Habitacional.Dominio", "Solucion_Habitacional.Dominio\Solucion_Habitacional.Dominio.csproj", "{52A203D7-D9DD-45EB-A2F0-EC598218B468}"
EndProject
Project("{FAE04EC0-301F-11D3-BF4B-00C04F79EFBC}") = "Solucion_Habitacional.Servicio", "Solucion_Habitacional.Servicio\Solucion_Habitacional.Servicio.csproj", "{69AB7CCA-F129-4612-BBE2-819DB1A68B1A}"
EndProject
Global
	GlobalSection(SolutionConfigurationPlatforms) = preSolution
		Debug|Any CPU = Debug|Any CPU
		Release|Any CPU = Release|Any CPU
	EndGlobalSection
	GlobalSection(ProjectConfigurationPlatforms) = postSolution
		{923EF6CB-6FA7-4FE2-9304-982C6E715779}.Debug|Any CPU.ActiveCfg = Debug|Any CPU
		{923EF6CB-6FA7-4FE2-9304-982C6E715779}.Debug|Any CPU.Build.0 = Debug|Any CPU
		{923EF6CB-6FA7-4FE2-9304-982C6E715779}.Release|Any CPU.ActiveCfg = Release|Any CPU
		{923EF6CB-6FA7-4FE2-9304-982C6E715779}.Release|Any CPU.Build.0 = Release|Any CPU
		{52A203D7-D9DD-45EB-A2F0-EC598218B468}.Debug|Any CPU.ActiveCfg = Debug|Any CPU
		{52A203D7-D9DD-45EB-A2F0-EC598218B468}.Debug|Any CPU.Build.0 = Debug|Any CPU
		{52A203D7-D9DD-45EB-A2F0-EC598218B468}.Release|Any CPU.ActiveCfg = Release|Any CPU
		{52A203D7-D9DD-45EB-A2F0-EC598218B468}.Release|Any CPU.Build.0 = Release|Any CPU
		{69AB7CCA-F129-4612-BBE2-819DB1A68B1A}.Debug|Any CPU.ActiveCfg = Debug|Any CPU
		{69AB7CCA-F129-4612-BBE2-819DB1A68B1A}.Debug|Any CPU.Build.0 = Debug|Any CPU
		{69AB7CCA-F129-4612-BBE2-819DB1A68B1A}.Release|Any CPU.ActiveCfg = Release|Any CPU
		{69AB7CCA-F129-4612-BBE2-819DB1A68B1A}.Release|Any CPU.Build.0 = Release|Any CPU
	EndGlobalSection
	GlobalSection(SolutionProperties) = preSolution
		HideSolutionNode = FALSE
	EndGlobalSection
EndGlobal
